
Microsoft Visual Studio Solution File, Format Version 12.00
# Visual Studio Version 17
VisualStudioVersion = 17.8.34330.188
MinimumVisualStudioVersion = 10.0.40219.1
Project("{FAE04EC0-301F-11D3-BF4B-00C04F79EFBC}") = "GVSystemAS", "GVSystemAS.csproj", "{F90896EF-3EC9-4694-9A33-B47E3CEAE20A}"
EndProject
Global
	GlobalSection(SolutionConfigurationPlatforms) = preSolution
		Debug|Any CPU = Debug|Any CPU
		Release|Any CPU = Release|Any CPU
	EndGlobalSection
	GlobalSection(ProjectConfigurationPlatforms) = postSolution
		{F90896EF-3EC9-4694-9A33-B47E3CEAE20A}.Debug|Any CPU.ActiveCfg = Debug|Any CPU
		{F90896EF-3EC9-4694-9A33-B47E3CEAE20A}.Debug|Any CPU.Build.0 = Debug|Any CPU
		{F90896EF-3EC9-4694-9A33-B47E3CEAE20A}.Release|Any CPU.ActiveCfg = Release|Any CPU
		{F90896EF-3EC9-4694-9A33-B47E3CEAE20A}.Release|Any CPU.Build.0 = Release|Any CPU
	EndGlobalSection
	GlobalSection(SolutionProperties) = preSolution
		HideSolutionNode = FALSE
	EndGlobalSection
	GlobalSection(ExtensibilityGlobals) = postSolution
		SolutionGuid = {2094E39B-6F4A-4DE8-8551-389CC76036B5}
	EndGlobalSection
EndGlobal
